// !$*UTF8*$!
{
	archiveVersion = 1;
	classes = {
	};
	objectVersion = 56;
	objects = {

/* Begin PBXBuildFile section */
		63DCF5682AAF490C001760FE /* AppDelegate.swift in Sources */ = {isa = PBXBuildFile; fileRef = 63DCF5672AAF490C001760FE /* AppDelegate.swift */; };
		63DCF56A2AAF490C001760FE /* SceneDelegate.swift in Sources */ = {isa = PBXBuildFile; fileRef = 63DCF5692AAF490C001760FE /* SceneDelegate.swift */; };
		63DCF56C2AAF490C001760FE /* ViewController.swift in Sources */ = {isa = PBXBuildFile; fileRef = 63DCF56B2AAF490C001760FE /* ViewController.swift */; };
		63DCF56F2AAF490C001760FE /* Main.storyboard in Resources */ = {isa = PBXBuildFile; fileRef = 63DCF56D2AAF490C001760FE /* Main.storyboard */; };
		63DCF5712AAF490F001760FE /* Assets.xcassets in Resources */ = {isa = PBXBuildFile; fileRef = 63DCF5702AAF490F001760FE /* Assets.xcassets */; };
		63DCF5742AAF490F001760FE /* LaunchScreen.storyboard in Resources */ = {isa = PBXBuildFile; fileRef = 63DCF5722AAF490F001760FE /* LaunchScreen.storyboard */; };
		63DCF57F2AAF490F001760FE /* PushLocalNotificationTests.swift in Sources */ = {isa = PBXBuildFile; fileRef = 63DCF57E2AAF490F001760FE /* PushLocalNotificationTests.swift */; };
		63DCF5892AAF490F001760FE /* PushLocalNotificationUITests.swift in Sources */ = {isa = PBXBuildFile; fileRef = 63DCF5882AAF490F001760FE /* PushLocalNotificationUITests.swift */; };
		63DCF58B2AAF490F001760FE /* PushLocalNotificationUITestsLaunchTests.swift in Sources */ = {isa = PBXBuildFile; fileRef = 63DCF58A2AAF490F001760FE /* PushLocalNotificationUITestsLaunchTests.swift */; };
/* End PBXBuildFile section */

/* Begin PBXContainerItemProxy section */
		63DCF57B2AAF490F001760FE /* PBXContainerItemProxy */ = {
			isa = PBXContainerItemProxy;
			containerPortal = 63DCF55C2AAF490C001760FE /* Project object */;
			proxyType = 1;
			remoteGlobalIDString = 63DCF5632AAF490C001760FE;
			remoteInfo = PushLocalNotification;
		};
		63DCF5852AAF490F001760FE /* PBXContainerItemProxy */ = {
			isa = PBXContainerItemProxy;
			containerPortal = 63DCF55C2AAF490C001760FE /* Project object */;
			proxyType = 1;
			remoteGlobalIDString = 63DCF5632AAF490C001760FE;
			remoteInfo = PushLocalNotification;
		};
/* End PBXContainerItemProxy section */

/* Begin PBXFileReference section */
		63DCF5642AAF490C001760FE /* PushLocalNotification.app */ = {isa = PBXFileReference; explicitFileType = wrapper.application; includeInIndex = 0; path = PushLocalNotification.app; sourceTree = BUILT_PRODUCTS_DIR; };
		63DCF5672AAF490C001760FE /* AppDelegate.swift */ = {isa = PBXFileReference; lastKnownFileType = sourcecode.swift; path = AppDelegate.swift; sourceTree = "<group>"; };
		63DCF5692AAF490C001760FE /* SceneDelegate.swift */ = {isa = PBXFileReference; lastKnownFileType = sourcecode.swift; path = SceneDelegate.swift; sourceTree = "<group>"; };
		63DCF56B2AAF490C001760FE /* ViewController.swift */ = {isa = PBXFileReference; lastKnownFileType = sourcecode.swift; path = ViewController.swift; sourceTree = "<group>"; };
		63DCF56E2AAF490C001760FE /* Base */ = {isa = PBXFileReference; lastKnownFileType = file.storyboard; name = Base; path = Base.lproj/Main.storyboard; sourceTree = "<group>"; };
		63DCF5702AAF490F001760FE /* Assets.xcassets */ = {isa = PBXFileReference; lastKnownFileType = folder.assetcatalog; path = Assets.xcassets; sourceTree = "<group>"; };
		63DCF5732AAF490F001760FE /* Base */ = {isa = PBXFileReference; lastKnownFileType = file.storyboard; name = Base; path = Base.lproj/LaunchScreen.storyboard; sourceTree = "<group>"; };
		63DCF5752AAF490F001760FE /* Info.plist */ = {isa = PBXFileReference; lastKnownFileType = text.plist.xml; path = Info.plist; sourceTree = "<group>"; };
		63DCF57A2AAF490F001760FE /* PushLocalNotificationTests.xctest */ = {isa = PBXFileReference; explicitFileType = wrapper.cfbundle; includeInIndex = 0; path = PushLocalNotificationTests.xctest; sourceTree = BUILT_PRODUCTS_DIR; };
		63DCF57E2AAF490F001760FE /* PushLocalNotificationTests.swift */ = {isa = PBXFileReference; lastKnownFileType = sourcecode.swift; path = PushLocalNotificationTests.swift; sourceTree = "<group>"; };
		63DCF5842AAF490F001760FE /* PushLocalNotificationUITests.xctest */ = {isa = PBXFileReference; explicitFileType = wrapper.cfbundle; includeInIndex = 0; path = PushLocalNotificationUITests.xctest; sourceTree = BUILT_PRODUCTS_DIR; };
		63DCF5882AAF490F001760FE /* PushLocalNotificationUITests.swift */ = {isa = PBXFileReference; lastKnownFileType = sourcecode.swift; path = PushLocalNotificationUITests.swift; sourceTree = "<group>"; };
		63DCF58A2AAF490F001760FE /* PushLocalNotificationUITestsLaunchTests.swift */ = {isa = PBXFileReference; lastKnownFileType = sourcecode.swift; path = PushLocalNotificationUITestsLaunchTests.swift; sourceTree = "<group>"; };
/* End PBXFileReference section */

/* Begin PBXFrameworksBuildPhase section */
		63DCF5612AAF490C001760FE /* Frameworks */ = {
			isa = PBXFrameworksBuildPhase;
			buildActionMask = 2147483647;
			files = (
			);
			runOnlyForDeploymentPostprocessing = 0;
		};
		63DCF5772AAF490F001760FE /* Frameworks */ = {
			isa = PBXFrameworksBuildPhase;
			buildActionMask = 2147483647;
			files = (
			);
			runOnlyForDeploymentPostprocessing = 0;
		};
		63DCF5812AAF490F001760FE /* Frameworks */ = {
			isa = PBXFrameworksBuildPhase;
			buildActionMask = 2147483647;
			files = (
			);
			runOnlyForDeploymentPostprocessing = 0;
		};
/* End PBXFrameworksBuildPhase section */

/* Begin PBXGroup section */
		63DCF55B2AAF490C001760FE = {
			isa = PBXGroup;
			children = (
				63DCF5662AAF490C001760FE /* PushLocalNotification */,
				63DCF57D2AAF490F001760FE /* PushLocalNotificationTests */,
				63DCF5872AAF490F001760FE /* PushLocalNotificationUITests */,
				63DCF5652AAF490C001760FE /* Products */,
			);
			sourceTree = "<group>";
		};
		63DCF5652AAF490C001760FE /* Products */ = {
			isa = PBXGroup;
			children = (
				63DCF5642AAF490C001760FE /* PushLocalNotification.app */,
				63DCF57A2AAF490F001760FE /* PushLocalNotificationTests.xctest */,
				63DCF5842AAF490F001760FE /* PushLocalNotificationUITests.xctest */,
			);
			name = Products;
			sourceTree = "<group>";
		};
		63DCF5662AAF490C001760FE /* PushLocalNotification */ = {
			isa = PBXGroup;
			children = (
				63DCF5672AAF490C001760FE /* AppDelegate.swift */,
				63DCF5692AAF490C001760FE /* SceneDelegate.swift */,
				63DCF56B2AAF490C001760FE /* ViewController.swift */,
				63DCF56D2AAF490C001760FE /* Main.storyboard */,
				63DCF5702AAF490F001760FE /* Assets.xcassets */,
				63DCF5722AAF490F001760FE /* LaunchScreen.storyboard */,
				63DCF5752AAF490F001760FE /* Info.plist */,
			);
			path = PushLocalNotification;
			sourceTree = "<group>";
		};
		63DCF57D2AAF490F001760FE /* PushLocalNotificationTests */ = {
			isa = PBXGroup;
			children = (
				63DCF57E2AAF490F001760FE /* PushLocalNotificationTests.swift */,
			);
			path = PushLocalNotificationTests;
			sourceTree = "<group>";
		};
		63DCF5872AAF490F001760FE /* PushLocalNotificationUITests */ = {
			isa = PBXGroup;
			children = (
				63DCF5882AAF490F001760FE /* PushLocalNotificationUITests.swift */,
				63DCF58A2AAF490F001760FE /* PushLocalNotificationUITestsLaunchTests.swift */,
			);
			path = PushLocalNotificationUITests;
			sourceTree = "<group>";
		};
/* End PBXGroup section */

/* Begin PBXNativeTarget section */
		63DCF5632AAF490C001760FE /* PushLocalNotification */ = {
			isa = PBXNativeTarget;
			buildConfigurationList = 63DCF58E2AAF490F001760FE /* Build configuration list for PBXNativeTarget "PushLocalNotification" */;
			buildPhases = (
				63DCF5602AAF490C001760FE /* Sources */,
				63DCF5612AAF490C001760FE /* Frameworks */,
				63DCF5622AAF490C001760FE /* Resources */,
			);
			buildRules = (
			);
			dependencies = (
			);
			name = PushLocalNotification;
			productName = PushLocalNotification;
			productReference = 63DCF5642AAF490C001760FE /* PushLocalNotification.app */;
			productType = "com.apple.product-type.application";
		};
		63DCF5792AAF490F001760FE /* PushLocalNotificationTests */ = {
			isa = PBXNativeTarget;
			buildConfigurationList = 63DCF5912AAF490F001760FE /* Build configuration list for PBXNativeTarget "PushLocalNotificationTests" */;
			buildPhases = (
				63DCF5762AAF490F001760FE /* Sources */,
				63DCF5772AAF490F001760FE /* Frameworks */,
				63DCF5782AAF490F001760FE /* Resources */,
			);
			buildRules = (
			);
			dependencies = (
				63DCF57C2AAF490F001760FE /* PBXTargetDependency */,
			);
			name = PushLocalNotificationTests;
			productName = PushLocalNotificationTests;
			productReference = 63DCF57A2AAF490F001760FE /* PushLocalNotificationTests.xctest */;
			productType = "com.apple.product-type.bundle.unit-test";
		};
		63DCF5832AAF490F001760FE /* PushLocalNotificationUITests */ = {
			isa = PBXNativeTarget;
			buildConfigurationList = 63DCF5942AAF490F001760FE /* Build configuration list for PBXNativeTarget "PushLocalNotificationUITests" */;
			buildPhases = (
				63DCF5802AAF490F001760FE /* Sources */,
				63DCF5812AAF490F001760FE /* Frameworks */,
				63DCF5822AAF490F001760FE /* Resources */,
			);
			buildRules = (
			);
			dependencies = (
				63DCF5862AAF490F001760FE /* PBXTargetDependency */,
			);
			name = PushLocalNotificationUITests;
			productName = PushLocalNotificationUITests;
			productReference = 63DCF5842AAF490F001760FE /* PushLocalNotificationUITests.xctest */;
			productType = "com.apple.product-type.bundle.ui-testing";
		};
/* End PBXNativeTarget section */

/* Begin PBXProject section */
		63DCF55C2AAF490C001760FE /* Project object */ = {
			isa = PBXProject;
			attributes = {
				BuildIndependentTargetsInParallel = 1;
				LastSwiftUpdateCheck = 1430;
				LastUpgradeCheck = 1430;
				TargetAttributes = {
					63DCF5632AAF490C001760FE = {
						CreatedOnToolsVersion = 14.3.1;
					};
					63DCF5792AAF490F001760FE = {
						CreatedOnToolsVersion = 14.3.1;
						TestTargetID = 63DCF5632AAF490C001760FE;
					};
					63DCF5832AAF490F001760FE = {
						CreatedOnToolsVersion = 14.3.1;
						TestTargetID = 63DCF5632AAF490C001760FE;
					};
				};
			};
			buildConfigurationList = 63DCF55F2AAF490C001760FE /* Build configuration list for PBXProject "PushLocalNotification" */;
			compatibilityVersion = "Xcode 14.0";
			developmentRegion = en;
			hasScannedForEncodings = 0;
			knownRegions = (
				en,
				Base,
			);
			mainGroup = 63DCF55B2AAF490C001760FE;
			productRefGroup = 63DCF5652AAF490C001760FE /* Products */;
			projectDirPath = "";
			projectRoot = "";
			targets = (
				63DCF5632AAF490C001760FE /* PushLocalNotification */,
				63DCF5792AAF490F001760FE /* PushLocalNotificationTests */,
				63DCF5832AAF490F001760FE /* PushLocalNotificationUITests */,
			);
		};
/* End PBXProject section */

/* Begin PBXResourcesBuildPhase section */
		63DCF5622AAF490C001760FE /* Resources */ = {
			isa = PBXResourcesBuildPhase;
			buildActionMask = 2147483647;
			files = (
				63DCF5742AAF490F001760FE /* LaunchScreen.storyboard in Resources */,
				63DCF5712AAF490F001760FE /* Assets.xcassets in Resources */,
				63DCF56F2AAF490C001760FE /* Main.storyboard in Resources */,
			);
			runOnlyForDeploymentPostprocessing = 0;
		};
		63DCF5782AAF490F001760FE /* Resources */ = {
			isa = PBXResourcesBuildPhase;
			buildActionMask = 2147483647;
			files = (
			);
			runOnlyForDeploymentPostprocessing = 0;
		};
		63DCF5822AAF490F001760FE /* Resources */ = {
			isa = PBXResourcesBuildPhase;
			buildActionMask = 2147483647;
			files = (
			);
			runOnlyForDeploymentPostprocessing = 0;
		};
/* End PBXResourcesBuildPhase section */

/* Begin PBXSourcesBuildPhase section */
		63DCF5602AAF490C001760FE /* Sources */ = {
			isa = PBXSourcesBuildPhase;
			buildActionMask = 2147483647;
			files = (
				63DCF56C2AAF490C001760FE /* ViewController.swift in Sources */,
				63DCF5682AAF490C001760FE /* AppDelegate.swift in Sources */,
				63DCF56A2AAF490C001760FE /* SceneDelegate.swift in Sources */,
			);
			runOnlyForDeploymentPostprocessing = 0;
		};
		63DCF5762AAF490F001760FE /* Sources */ = {
			isa = PBXSourcesBuildPhase;
			buildActionMask = 2147483647;
			files = (
				63DCF57F2AAF490F001760FE /* PushLocalNotificationTests.swift in Sources */,
			);
			runOnlyForDeploymentPostprocessing = 0;
		};
		63DCF5802AAF490F001760FE /* Sources */ = {
			isa = PBXSourcesBuildPhase;
			buildActionMask = 2147483647;
			files = (
				63DCF5892AAF490F001760FE /* PushLocalNotificationUITests.swift in Sources */,
				63DCF58B2AAF490F001760FE /* PushLocalNotificationUITestsLaunchTests.swift in Sources */,
			);
			runOnlyForDeploymentPostprocessing = 0;
		};
/* End PBXSourcesBuildPhase section */

/* Begin PBXTargetDependency section */
		63DCF57C2AAF490F001760FE /* PBXTargetDependency */ = {
			isa = PBXTargetDependency;
			target = 63DCF5632AAF490C001760FE /* PushLocalNotification */;
			targetProxy = 63DCF57B2AAF490F001760FE /* PBXContainerItemProxy */;
		};
		63DCF5862AAF490F001760FE /* PBXTargetDependency */ = {
			isa = PBXTargetDependency;
			target = 63DCF5632AAF490C001760FE /* PushLocalNotification */;
			targetProxy = 63DCF5852AAF490F001760FE /* PBXContainerItemProxy */;
		};
/* End PBXTargetDependency section */

/* Begin PBXVariantGroup section */
		63DCF56D2AAF490C001760FE /* Main.storyboard */ = {
			isa = PBXVariantGroup;
			children = (
				63DCF56E2AAF490C001760FE /* Base */,
			);
			name = Main.storyboard;
			sourceTree = "<group>";
		};
		63DCF5722AAF490F001760FE /* LaunchScreen.storyboard */ = {
			isa = PBXVariantGroup;
			children = (
				63DCF5732AAF490F001760FE /* Base */,
			);
			name = LaunchScreen.storyboard;
			sourceTree = "<group>";
		};
/* End PBXVariantGroup section */

/* Begin XCBuildConfiguration section */
		63DCF58C2AAF490F001760FE /* Debug */ = {
			isa = XCBuildConfiguration;
			buildSettings = {
				ALWAYS_SEARCH_USER_PATHS = NO;
				CLANG_ANALYZER_NONNULL = YES;
				CLANG_ANALYZER_NUMBER_OBJECT_CONVERSION = YES_AGGRESSIVE;
				CLANG_CXX_LANGUAGE_STANDARD = "gnu++20";
				CLANG_ENABLE_MODULES = YES;
				CLANG_ENABLE_OBJC_ARC = YES;
				CLANG_ENABLE_OBJC_WEAK = YES;
				CLANG_WARN_BLOCK_CAPTURE_AUTORELEASING = YES;
				CLANG_WARN_BOOL_CONVERSION = YES;
				CLANG_WARN_COMMA = YES;
				CLANG_WARN_CONSTANT_CONVERSION = YES;
				CLANG_WARN_DEPRECATED_OBJC_IMPLEMENTATIONS = YES;
				CLANG_WARN_DIRECT_OBJC_ISA_USAGE = YES_ERROR;
				CLANG_WARN_DOCUMENTATION_COMMENTS = YES;
				CLANG_WARN_EMPTY_BODY = YES;
				CLANG_WARN_ENUM_CONVERSION = YES;
				CLANG_WARN_INFINITE_RECURSION = YES;
				CLANG_WARN_INT_CONVERSION = YES;
				CLANG_WARN_NON_LITERAL_NULL_CONVERSION = YES;
				CLANG_WARN_OBJC_IMPLICIT_RETAIN_SELF = YES;
				CLANG_WARN_OBJC_LITERAL_CONVERSION = YES;
				CLANG_WARN_OBJC_ROOT_CLASS = YES_ERROR;
				CLANG_WARN_QUOTED_INCLUDE_IN_FRAMEWORK_HEADER = YES;
				CLANG_WARN_RANGE_LOOP_ANALYSIS = YES;
				CLANG_WARN_STRICT_PROTOTYPES = YES;
				CLANG_WARN_SUSPICIOUS_MOVE = YES;
				CLANG_WARN_UNGUARDED_AVAILABILITY = YES_AGGRESSIVE;
				CLANG_WARN_UNREACHABLE_CODE = YES;
				CLANG_WARN__DUPLICATE_METHOD_MATCH = YES;
				COPY_PHASE_STRIP = NO;
				DEBUG_INFORMATION_FORMAT = dwarf;
				ENABLE_STRICT_OBJC_MSGSEND = YES;
				ENABLE_TESTABILITY = YES;
				GCC_C_LANGUAGE_STANDARD = gnu11;
				GCC_DYNAMIC_NO_PIC = NO;
				GCC_NO_COMMON_BLOCKS = YES;
				GCC_OPTIMIZATION_LEVEL = 0;
				GCC_PREPROCESSOR_DEFINITIONS = (
					"DEBUG=1",
					"$(inherited)",
				);
				GCC_WARN_64_TO_32_BIT_CONVERSION = YES;
				GCC_WARN_ABOUT_RETURN_TYPE = YES_ERROR;
				GCC_WARN_UNDECLARED_SELECTOR = YES;
				GCC_WARN_UNINITIALIZED_AUTOS = YES_AGGRESSIVE;
				GCC_WARN_UNUSED_FUNCTION = YES;
				GCC_WARN_UNUSED_VARIABLE = YES;
				IPHONEOS_DEPLOYMENT_TARGET = 16.4;
				MTL_ENABLE_DEBUG_INFO = INCLUDE_SOURCE;
				MTL_FAST_MATH = YES;
				ONLY_ACTIVE_ARCH = YES;
				SDKROOT = iphoneos;
				SWIFT_ACTIVE_COMPILATION_CONDITIONS = DEBUG;
				SWIFT_OPTIMIZATION_LEVEL = "-Onone";
			};
			name = Debug;
		};
		63DCF58D2AAF490F001760FE /* Release */ = {
			isa = XCBuildConfiguration;
			buildSettings = {
				ALWAYS_SEARCH_USER_PATHS = NO;
				CLANG_ANALYZER_NONNULL = YES;
				CLANG_ANALYZER_NUMBER_OBJECT_CONVERSION = YES_AGGRESSIVE;
				CLANG_CXX_LANGUAGE_STANDARD = "gnu++20";
				CLANG_ENABLE_MODULES = YES;
				CLANG_ENABLE_OBJC_ARC = YES;
				CLANG_ENABLE_OBJC_WEAK = YES;
				CLANG_WARN_BLOCK_CAPTURE_AUTORELEASING = YES;
				CLANG_WARN_BOOL_CONVERSION = YES;
				CLANG_WARN_COMMA = YES;
				CLANG_WARN_CONSTANT_CONVERSION = YES;
				CLANG_WARN_DEPRECATED_OBJC_IMPLEMENTATIONS = YES;
				CLANG_WARN_DIRECT_OBJC_ISA_USAGE = YES_ERROR;
				CLANG_WARN_DOCUMENTATION_COMMENTS = YES;
				CLANG_WARN_EMPTY_BODY = YES;
				CLANG_WARN_ENUM_CONVERSION = YES;
				CLANG_WARN_INFINITE_RECURSION = YES;
				CLANG_WARN_INT_CONVERSION = YES;
				CLANG_WARN_NON_LITERAL_NULL_CONVERSION = YES;
				CLANG_WARN_OBJC_IMPLICIT_RETAIN_SELF = YES;
				CLANG_WARN_OBJC_LITERAL_CONVERSION = YES;
				CLANG_WARN_OBJC_ROOT_CLASS = YES_ERROR;
				CLANG_WARN_QUOTED_INCLUDE_IN_FRAMEWORK_HEADER = YES;
				CLANG_WARN_RANGE_LOOP_ANALYSIS = YES;
				CLANG_WARN_STRICT_PROTOTYPES = YES;
				CLANG_WARN_SUSPICIOUS_MOVE = YES;
				CLANG_WARN_UNGUARDED_AVAILABILITY = YES_AGGRESSIVE;
				CLANG_WARN_UNREACHABLE_CODE = YES;
				CLANG_WARN__DUPLICATE_METHOD_MATCH = YES;
				COPY_PHASE_STRIP = NO;
				DEBUG_INFORMATION_FORMAT = "dwarf-with-dsym";
				ENABLE_NS_ASSERTIONS = NO;
				ENABLE_STRICT_OBJC_MSGSEND = YES;
				GCC_C_LANGUAGE_STANDARD = gnu11;
				GCC_NO_COMMON_BLOCKS = YES;
				GCC_WARN_64_TO_32_BIT_CONVERSION = YES;
				GCC_WARN_ABOUT_RETURN_TYPE = YES_ERROR;
				GCC_WARN_UNDECLARED_SELECTOR = YES;
				GCC_WARN_UNINITIALIZED_AUTOS = YES_AGGRESSIVE;
				GCC_WARN_UNUSED_FUNCTION = YES;
				GCC_WARN_UNUSED_VARIABLE = YES;
				IPHONEOS_DEPLOYMENT_TARGET = 16.4;
				MTL_ENABLE_DEBUG_INFO = NO;
				MTL_FAST_MATH = YES;
				SDKROOT = iphoneos;
				SWIFT_COMPILATION_MODE = wholemodule;
				SWIFT_OPTIMIZATION_LEVEL = "-O";
				VALIDATE_PRODUCT = YES;
			};
			name = Release;
		};
		63DCF58F2AAF490F001760FE /* Debug */ = {
			isa = XCBuildConfiguration;
			buildSettings = {
				ASSETCATALOG_COMPILER_APPICON_NAME = AppIcon;
				ASSETCATALOG_COMPILER_GLOBAL_ACCENT_COLOR_NAME = AccentColor;
				CODE_SIGN_STYLE = Automatic;
				CURRENT_PROJECT_VERSION = 1;
				GENERATE_INFOPLIST_FILE = YES;
				INFOPLIST_FILE = PushLocalNotification/Info.plist;
				INFOPLIST_KEY_UIApplicationSupportsIndirectInputEvents = YES;
				INFOPLIST_KEY_UILaunchStoryboardName = LaunchScreen;
				INFOPLIST_KEY_UIMainStoryboardFile = Main;
				INFOPLIST_KEY_UISupportedInterfaceOrientations_iPad = "UIInterfaceOrientationPortrait UIInterfaceOrientationPortraitUpsideDown UIInterfaceOrientationLandscapeLeft UIInterfaceOrientationLandscapeRight";
				INFOPLIST_KEY_UISupportedInterfaceOrientations_iPhone = "UIInterfaceOrientationPortrait UIInterfaceOrientationLandscapeLeft UIInterfaceOrientationLandscapeRight";
				LD_RUNPATH_SEARCH_PATHS = (
					"$(inherited)",
					"@executable_path/Frameworks",
				);
				MARKETING_VERSION = 1.0;
				PRODUCT_BUNDLE_IDENTIFIER = justcode.PushLocalNotification;
				PRODUCT_NAME = "$(TARGET_NAME)";
				SWIFT_EMIT_LOC_STRINGS = YES;
				SWIFT_VERSION = 5.0;
				TARGETED_DEVICE_FAMILY = "1,2";
			};
			name = Debug;
		};
		63DCF5902AAF490F001760FE /* Release */ = {
			isa = XCBuildConfiguration;
			buildSettings = {
				ASSETCATALOG_COMPILER_APPICON_NAME = AppIcon;
				ASSETCATALOG_COMPILER_GLOBAL_ACCENT_COLOR_NAME = AccentColor;
				CODE_SIGN_STYLE = Automatic;
				CURRENT_PROJECT_VERSION = 1;
				GENERATE_INFOPLIST_FILE = YES;
				INFOPLIST_FILE = PushLocalNotification/Info.plist;
				INFOPLIST_KEY_UIApplicationSupportsIndirectInputEvents = YES;
				INFOPLIST_KEY_UILaunchStoryboardName = LaunchScreen;
				INFOPLIST_KEY_UIMainStoryboardFile = Main;
				INFOPLIST_KEY_UISupportedInterfaceOrientations_iPad = "UIInterfaceOrientationPortrait UIInterfaceOrientationPortraitUpsideDown UIInterfaceOrientationLandscapeLeft UIInterfaceOrientationLandscapeRight";
				INFOPLIST_KEY_UISupportedInterfaceOrientations_iPhone = "UIInterfaceOrientationPortrait UIInterfaceOrientationLandscapeLeft UIInterfaceOrientationLandscapeRight";
				LD_RUNPATH_SEARCH_PATHS = (
					"$(inherited)",
					"@executable_path/Frameworks",
				);
				MARKETING_VERSION = 1.0;
				PRODUCT_BUNDLE_IDENTIFIER = justcode.PushLocalNotification;
				PRODUCT_NAME = "$(TARGET_NAME)";
				SWIFT_EMIT_LOC_STRINGS = YES;
				SWIFT_VERSION = 5.0;
				TARGETED_DEVICE_FAMILY = "1,2";
			};
			name = Release;
		};
		63DCF5922AAF490F001760FE /* Debug */ = {
			isa = XCBuildConfiguration;
			buildSettings = {
				ALWAYS_EMBED_SWIFT_STANDARD_LIBRARIES = YES;
				BUNDLE_LOADER = "$(TEST_HOST)";
				CODE_SIGN_STYLE = Automatic;
				CURRENT_PROJECT_VERSION = 1;
				GENERATE_INFOPLIST_FILE = YES;
				IPHONEOS_DEPLOYMENT_TARGET = 16.4;
				MARKETING_VERSION = 1.0;
				PRODUCT_BUNDLE_IDENTIFIER = justcode.PushLocalNotificationTests;
				PRODUCT_NAME = "$(TARGET_NAME)";
				SWIFT_EMIT_LOC_STRINGS = NO;
				SWIFT_VERSION = 5.0;
				TARGETED_DEVICE_FAMILY = "1,2";
				TEST_HOST = "$(BUILT_PRODUCTS_DIR)/PushLocalNotification.app/$(BUNDLE_EXECUTABLE_FOLDER_PATH)/PushLocalNotification";
			};
			name = Debug;
		};
		63DCF5932AAF490F001760FE /* Release */ = {
			isa = XCBuildConfiguration;
			buildSettings = {
				ALWAYS_EMBED_SWIFT_STANDARD_LIBRARIES = YES;
				BUNDLE_LOADER = "$(TEST_HOST)";
				CODE_SIGN_STYLE = Automatic;
				CURRENT_PROJECT_VERSION = 1;
				GENERATE_INFOPLIST_FILE = YES;
				IPHONEOS_DEPLOYMENT_TARGET = 16.4;
				MARKETING_VERSION = 1.0;
				PRODUCT_BUNDLE_IDENTIFIER = justcode.PushLocalNotificationTests;
				PRODUCT_NAME = "$(TARGET_NAME)";
				SWIFT_EMIT_LOC_STRINGS = NO;
				SWIFT_VERSION = 5.0;
				TARGETED_DEVICE_FAMILY = "1,2";
				TEST_HOST = "$(BUILT_PRODUCTS_DIR)/PushLocalNotification.app/$(BUNDLE_EXECUTABLE_FOLDER_PATH)/PushLocalNotification";
			};
			name = Release;
		};
		63DCF5952AAF490F001760FE /* Debug */ = {
			isa = XCBuildConfiguration;
			buildSettings = {
				ALWAYS_EMBED_SWIFT_STANDARD_LIBRARIES = YES;
				CODE_SIGN_STYLE = Automatic;
				CURRENT_PROJECT_VERSION = 1;
				GENERATE_INFOPLIST_FILE = YES;
				MARKETING_VERSION = 1.0;
				PRODUCT_BUNDLE_IDENTIFIER = justcode.PushLocalNotificationUITests;
				PRODUCT_NAME = "$(TARGET_NAME)";
				SWIFT_EMIT_LOC_STRINGS = NO;
				SWIFT_VERSION = 5.0;
				TARGETED_DEVICE_FAMILY = "1,2";
				TEST_TARGET_NAME = PushLocalNotification;
			};
			name = Debug;
		};
		63DCF5962AAF490F001760FE /* Release */ = {
			isa = XCBuildConfiguration;
			buildSettings = {
				ALWAYS_EMBED_SWIFT_STANDARD_LIBRARIES = YES;
				CODE_SIGN_STYLE = Automatic;
				CURRENT_PROJECT_VERSION = 1;
				GENERATE_INFOPLIST_FILE = YES;
				MARKETING_VERSION = 1.0;
				PRODUCT_BUNDLE_IDENTIFIER = justcode.PushLocalNotificationUITests;
				PRODUCT_NAME = "$(TARGET_NAME)";
				SWIFT_EMIT_LOC_STRINGS = NO;
				SWIFT_VERSION = 5.0;
				TARGETED_DEVICE_FAMILY = "1,2";
				TEST_TARGET_NAME = PushLocalNotification;
			};
			name = Release;
		};
/* End XCBuildConfiguration section */

/* Begin XCConfigurationList section */
		63DCF55F2AAF490C001760FE /* Build configuration list for PBXProject "PushLocalNotification" */ = {
			isa = XCConfigurationList;
			buildConfigurations = (
				63DCF58C2AAF490F001760FE /* Debug */,
				63DCF58D2AAF490F001760FE /* Release */,
			);
			defaultConfigurationIsVisible = 0;
			defaultConfigurationName = Release;
		};
		63DCF58E2AAF490F001760FE /* Build configuration list for PBXNativeTarget "PushLocalNotification" */ = {
			isa = XCConfigurationList;
			buildConfigurations = (
				63DCF58F2AAF490F001760FE /* Debug */,
				63DCF5902AAF490F001760FE /* Release */,
			);
			defaultConfigurationIsVisible = 0;
			defaultConfigurationName = Release;
		};
		63DCF5912AAF490F001760FE /* Build configuration list for PBXNativeTarget "PushLocalNotificationTests" */ = {
			isa = XCConfigurationList;
			buildConfigurations = (
				63DCF5922AAF490F001760FE /* Debug */,
				63DCF5932AAF490F001760FE /* Release */,
			);
			defaultConfigurationIsVisible = 0;
			defaultConfigurationName = Release;
		};
		63DCF5942AAF490F001760FE /* Build configuration list for PBXNativeTarget "PushLocalNotificationUITests" */ = {
			isa = XCConfigurationList;
			buildConfigurations = (
				63DCF5952AAF490F001760FE /* Debug */,
				63DCF5962AAF490F001760FE /* Release */,
			);
			defaultConfigurationIsVisible = 0;
			defaultConfigurationName = Release;
		};
/* End XCConfigurationList section */
	};
	rootObject = 63DCF55C2AAF490C001760FE /* Project object */;
}
